<Solution>
  <Configurations>
    <Platform Name="Any CPU" />
    <Platform Name="x64" />
    <Platform Name="x86" />
  </Configurations>
  <Project Path="projects/Genesis.Editor/Genesis.Editor.csproj" />
  <Project Path="projects/Genesis.Toolchain/Genesis.Toolchain.csproj" />
  <Project Path="projects/Genesis/Genesis.csproj" />
  <Project Path="projects/Genesis/tests/Genesis.Tests/Genesis.Tests.csproj" />
  <Project Path="projects/Genesis/tests/Genesis.Toolchain.Tests/Genesis.Toolchain.Tests.csproj" />
  <Project Path="projects/GenesisEngine/GenesisEngine.csproj" />
  <Project Path="templates/Genesis.Template2D/Genesis.Template2D.csproj" />
  <Project Path="templates/Genesis.Template3D/Genesis.Template3D.csproj" />
</Solution>
